
Microsoft Visual Studio Solution File, Format Version 12.00
# Visual Studio Version 16
VisualStudioVersion = 16.0.31313.79
MinimumVisualStudioVersion = 10.0.40219.1
Project("{FAE04EC0-301F-11D3-BF4B-00C04F79EFBC}") = "SignalRMvc", "SignalRMvc\SignalRMvc.csproj", "{EB8952B1-024B-4324-8D1E-9AB0AFC322CD}"
EndProject
Project("{FAE04EC0-301F-11D3-BF4B-00C04F79EFBC}") = "SignalRConsoleClient", "SignalRConsoleClient\SignalRConsoleClient.csproj", "{4D960737-8DEC-4489-A11B-1C1F113FB81C}"
EndProject
Global
	GlobalSection(SolutionConfigurationPlatforms) = preSolution
		Debug|Any CPU = Debug|Any CPU
		Release|Any CPU = Release|Any CPU
	EndGlobalSection
	GlobalSection(ProjectConfigurationPlatforms) = postSolution
		{EB8952B1-024B-4324-8D1E-9AB0AFC322CD}.Debug|Any CPU.ActiveCfg = Debug|Any CPU
		{EB8952B1-024B-4324-8D1E-9AB0AFC322CD}.Debug|Any CPU.Build.0 = Debug|Any CPU
		{EB8952B1-024B-4324-8D1E-9AB0AFC322CD}.Release|Any CPU.ActiveCfg = Release|Any CPU
		{EB8952B1-024B-4324-8D1E-9AB0AFC322CD}.Release|Any CPU.Build.0 = Release|Any CPU
		{4D960737-8DEC-4489-A11B-1C1F113FB81C}.Debug|Any CPU.ActiveCfg = Debug|Any CPU
		{4D960737-8DEC-4489-A11B-1C1F113FB81C}.Debug|Any CPU.Build.0 = Debug|Any CPU
		{4D960737-8DEC-4489-A11B-1C1F113FB81C}.Release|Any CPU.ActiveCfg = Release|Any CPU
		{4D960737-8DEC-4489-A11B-1C1F113FB81C}.Release|Any CPU.Build.0 = Release|Any CPU
	EndGlobalSection
	GlobalSection(SolutionProperties) = preSolution
		HideSolutionNode = FALSE
	EndGlobalSection
	GlobalSection(ExtensibilityGlobals) = postSolution
		SolutionGuid = {88B58BF8-C685-4D7E-8398-C44073B8810C}
	EndGlobalSection
EndGlobal
